// !$*UTF8*$!
{
	archiveVersion = 1;
	classes = {
	};
	objectVersion = 50;
	objects = {

/* Begin PBXBuildFile section */
		D0E70A13214E1FEB00925587 /* AppDelegate.swift in Sources */ = {isa = PBXBuildFile; fileRef = D0E70A12214E1FEB00925587 /* AppDelegate.swift */; };
		D0E70A15214E1FEB00925587 /* ViewController.swift in Sources */ = {isa = PBXBuildFile; fileRef = D0E70A14214E1FEB00925587 /* ViewController.swift */; };
		D0E70A18214E1FEB00925587 /* Main.storyboard in Resources */ = {isa = PBXBuildFile; fileRef = D0E70A16214E1FEB00925587 /* Main.storyboard */; };
		D0E70A1B214E1FEB00925587 /* StarWarsEnciclopedia.xcdatamodeld in Sources */ = {isa = PBXBuildFile; fileRef = D0E70A19214E1FEB00925587 /* StarWarsEnciclopedia.xcdatamodeld */; };
		D0E70A1D214E1FEC00925587 /* Assets.xcassets in Resources */ = {isa = PBXBuildFile; fileRef = D0E70A1C214E1FEC00925587 /* Assets.xcassets */; };
		D0E70A20214E1FEC00925587 /* LaunchScreen.storyboard in Resources */ = {isa = PBXBuildFile; fileRef = D0E70A1E214E1FEC00925587 /* LaunchScreen.storyboard */; };
/* End PBXBuildFile section */

/* Begin PBXFileReference section */
		D0E70A0F214E1FEB00925587 /* StarWarsEnciclopedia.app */ = {isa = PBXFileReference; explicitFileType = wrapper.application; includeInIndex = 0; path = StarWarsEnciclopedia.app; sourceTree = BUILT_PRODUCTS_DIR; };
		D0E70A12214E1FEB00925587 /* AppDelegate.swift */ = {isa = PBXFileReference; lastKnownFileType = sourcecode.swift; path = AppDelegate.swift; sourceTree = "<group>"; };
		D0E70A14214E1FEB00925587 /* ViewController.swift */ = {isa = PBXFileReference; lastKnownFileType = sourcecode.swift; path = ViewController.swift; sourceTree = "<group>"; };
		D0E70A17214E1FEB00925587 /* Base */ = {isa = PBXFileReference; lastKnownFileType = file.storyboard; name = Base; path = Base.lproj/Main.storyboard; sourceTree = "<group>"; };
		D0E70A1A214E1FEB00925587 /* StarWarsEnciclopedia.xcdatamodel */ = {isa = PBXFileReference; lastKnownFileType = wrapper.xcdatamodel; path = StarWarsEnciclopedia.xcdatamodel; sourceTree = "<group>"; };
		D0E70A1C214E1FEC00925587 /* Assets.xcassets */ = {isa = PBXFileReference; lastKnownFileType = folder.assetcatalog; path = Assets.xcassets; sourceTree = "<group>"; };
		D0E70A1F214E1FEC00925587 /* Base */ = {isa = PBXFileReference; lastKnownFileType = file.storyboard; name = Base; path = Base.lproj/LaunchScreen.storyboard; sourceTree = "<group>"; };
		D0E70A21214E1FEC00925587 /* Info.plist */ = {isa = PBXFileReference; lastKnownFileType = text.plist.xml; path = Info.plist; sourceTree = "<group>"; };
/* End PBXFileReference section */

/* Begin PBXFrameworksBuildPhase section */
		D0E70A0C214E1FEB00925587 /* Frameworks */ = {
			isa = PBXFrameworksBuildPhase;
			buildActionMask = 2147483647;
			files = (
			);
			runOnlyForDeploymentPostprocessing = 0;
		};
/* End PBXFrameworksBuildPhase section */

/* Begin PBXGroup section */
		D0E70A06214E1FEB00925587 = {
			isa = PBXGroup;
			children = (
				D0E70A11214E1FEB00925587 /* StarWarsEnciclopedia */,
				D0E70A10214E1FEB00925587 /* Products */,
			);
			sourceTree = "<group>";
		};
		D0E70A10214E1FEB00925587 /* Products */ = {
			isa = PBXGroup;
			children = (
				D0E70A0F214E1FEB00925587 /* StarWarsEnciclopedia.app */,
			);
			name = Products;
			sourceTree = "<group>";
		};
		D0E70A11214E1FEB00925587 /* StarWarsEnciclopedia */ = {
			isa = PBXGroup;
			children = (
				D0E70A12214E1FEB00925587 /* AppDelegate.swift */,
				D0E70A14214E1FEB00925587 /* ViewController.swift */,
				D0E70A16214E1FEB00925587 /* Main.storyboard */,
				D0E70A1C214E1FEC00925587 /* Assets.xcassets */,
				D0E70A1E214E1FEC00925587 /* LaunchScreen.storyboard */,
				D0E70A21214E1FEC00925587 /* Info.plist */,
				D0E70A19214E1FEB00925587 /* StarWarsEnciclopedia.xcdatamodeld */,
			);
			path = StarWarsEnciclopedia;
			sourceTree = "<group>";
		};
/* End PBXGroup section */

/* Begin PBXNativeTarget section */
		D0E70A0E214E1FEB00925587 /* StarWarsEnciclopedia */ = {
			isa = PBXNativeTarget;
			buildConfigurationList = D0E70A24214E1FEC00925587 /* Build configuration list for PBXNativeTarget "StarWarsEnciclopedia" */;
			buildPhases = (
				D0E70A0B214E1FEB00925587 /* Sources */,
				D0E70A0C214E1FEB00925587 /* Frameworks */,
				D0E70A0D214E1FEB00925587 /* Resources */,
			);
			buildRules = (
			);
			dependencies = (
			);
			name = StarWarsEnciclopedia;
			productName = StarWarsEnciclopedia;
			productReference = D0E70A0F214E1FEB00925587 /* StarWarsEnciclopedia.app */;
			productType = "com.apple.product-type.application";
		};
/* End PBXNativeTarget section */

/* Begin PBXProject section */
		D0E70A07214E1FEB00925587 /* Project object */ = {
			isa = PBXProject;
			attributes = {
				LastSwiftUpdateCheck = 0940;
				LastUpgradeCheck = 0940;
				ORGANIZATIONNAME = "Amanda Demetrio";
				TargetAttributes = {
					D0E70A0E214E1FEB00925587 = {
						CreatedOnToolsVersion = 9.4.1;
					};
				};
			};
			buildConfigurationList = D0E70A0A214E1FEB00925587 /* Build configuration list for PBXProject "StarWarsEnciclopedia" */;
			compatibilityVersion = "Xcode 9.3";
			developmentRegion = en;
			hasScannedForEncodings = 0;
			knownRegions = (
				en,
				Base,
			);
			mainGroup = D0E70A06214E1FEB00925587;
			productRefGroup = D0E70A10214E1FEB00925587 /* Products */;
			projectDirPath = "";
			projectRoot = "";
			targets = (
				D0E70A0E214E1FEB00925587 /* StarWarsEnciclopedia */,
			);
		};
/* End PBXProject section */

/* Begin PBXResourcesBuildPhase section */
		D0E70A0D214E1FEB00925587 /* Resources */ = {
			isa = PBXResourcesBuildPhase;
			buildActionMask = 2147483647;
			files = (
				D0E70A20214E1FEC00925587 /* LaunchScreen.storyboard in Resources */,
				D0E70A1D214E1FEC00925587 /* Assets.xcassets in Resources */,
				D0E70A18214E1FEB00925587 /* Main.storyboard in Resources */,
			);
			runOnlyForDeploymentPostprocessing = 0;
		};
/* End PBXResourcesBuildPhase section */

/* Begin PBXSourcesBuildPhase section */
		D0E70A0B214E1FEB00925587 /* Sources */ = {
			isa = PBXSourcesBuildPhase;
			buildActionMask = 2147483647;
			files = (
				D0E70A15214E1FEB00925587 /* ViewController.swift in Sources */,
				D0E70A13214E1FEB00925587 /* AppDelegate.swift in Sources */,
				D0E70A1B214E1FEB00925587 /* StarWarsEnciclopedia.xcdatamodeld in Sources */,
			);
			runOnlyForDeploymentPostprocessing = 0;
		};
/* End PBXSourcesBuildPhase section */

/* Begin PBXVariantGroup section */
		D0E70A16214E1FEB00925587 /* Main.storyboard */ = {
			isa = PBXVariantGroup;
			children = (
				D0E70A17214E1FEB00925587 /* Base */,
			);
			name = Main.storyboard;
			sourceTree = "<group>";
		};
		D0E70A1E214E1FEC00925587 /* LaunchScreen.storyboard */ = {
			isa = PBXVariantGroup;
			children = (
				D0E70A1F214E1FEC00925587 /* Base */,
			);
			name = LaunchScreen.storyboard;
			sourceTree = "<group>";
		};
/* End PBXVariantGroup section */

/* Begin XCBuildConfiguration section */
		D0E70A22214E1FEC00925587 /* Debug */ = {
			isa = XCBuildConfiguration;
			buildSettings = {
				ALWAYS_SEARCH_USER_PATHS = NO;
				CLANG_ANALYZER_NONNULL = YES;
				CLANG_ANALYZER_NUMBER_OBJECT_CONVERSION = YES_AGGRESSIVE;
				CLANG_CXX_LANGUAGE_STANDARD = "gnu++14";
				CLANG_CXX_LIBRARY = "libc++";
				CLANG_ENABLE_MODULES = YES;
				CLANG_ENABLE_OBJC_ARC = YES;
				CLANG_ENABLE_OBJC_WEAK = YES;
				CLANG_WARN_BLOCK_CAPTURE_AUTORELEASING = YES;
				CLANG_WARN_BOOL_CONVERSION = YES;
				CLANG_WARN_COMMA = YES;
				CLANG_WARN_CONSTANT_CONVERSION = YES;
				CLANG_WARN_DEPRECATED_OBJC_IMPLEMENTATIONS = YES;
				CLANG_WARN_DIRECT_OBJC_ISA_USAGE = YES_ERROR;
				CLANG_WARN_DOCUMENTATION_COMMENTS = YES;
				CLANG_WARN_EMPTY_BODY = YES;
				CLANG_WARN_ENUM_CONVERSION = YES;
				CLANG_WARN_INFINITE_RECURSION = YES;
				CLANG_WARN_INT_CONVERSION = YES;
				CLANG_WARN_NON_LITERAL_NULL_CONVERSION = YES;
				CLANG_WARN_OBJC_IMPLICIT_RETAIN_SELF = YES;
				CLANG_WARN_OBJC_LITERAL_CONVERSION = YES;
				CLANG_WARN_OBJC_ROOT_CLASS = YES_ERROR;
				CLANG_WARN_RANGE_LOOP_ANALYSIS = YES;
				CLANG_WARN_STRICT_PROTOTYPES = YES;
				CLANG_WARN_SUSPICIOUS_MOVE = YES;
				CLANG_WARN_UNGUARDED_AVAILABILITY = YES_AGGRESSIVE;
				CLANG_WARN_UNREACHABLE_CODE = YES;
				CLANG_WARN__DUPLICATE_METHOD_MATCH = YES;
				CODE_SIGN_IDENTITY = "iPhone Developer";
				COPY_PHASE_STRIP = NO;
				DEBUG_INFORMATION_FORMAT = dwarf;
				ENABLE_STRICT_OBJC_MSGSEND = YES;
				ENABLE_TESTABILITY = YES;
				GCC_C_LANGUAGE_STANDARD = gnu11;
				GCC_DYNAMIC_NO_PIC = NO;
				GCC_NO_COMMON_BLOCKS = YES;
				GCC_OPTIMIZATION_LEVEL = 0;
				GCC_PREPROCESSOR_DEFINITIONS = (
					"DEBUG=1",
					"$(inherited)",
				);
				GCC_WARN_64_TO_32_BIT_CONVERSION = YES;
				GCC_WARN_ABOUT_RETURN_TYPE = YES_ERROR;
				GCC_WARN_UNDECLARED_SELECTOR = YES;
				GCC_WARN_UNINITIALIZED_AUTOS = YES_AGGRESSIVE;
				GCC_WARN_UNUSED_FUNCTION = YES;
				GCC_WARN_UNUSED_VARIABLE = YES;
				IPHONEOS_DEPLOYMENT_TARGET = 11.4;
				MTL_ENABLE_DEBUG_INFO = YES;
				ONLY_ACTIVE_ARCH = YES;
				SDKROOT = iphoneos;
				SWIFT_ACTIVE_COMPILATION_CONDITIONS = DEBUG;
				SWIFT_OPTIMIZATION_LEVEL = "-Onone";
			};
			name = Debug;
		};
		D0E70A23214E1FEC00925587 /* Release */ = {
			isa = XCBuildConfiguration;
			buildSettings = {
				ALWAYS_SEARCH_USER_PATHS = NO;
				CLANG_ANALYZER_NONNULL = YES;
				CLANG_ANALYZER_NUMBER_OBJECT_CONVERSION = YES_AGGRESSIVE;
				CLANG_CXX_LANGUAGE_STANDARD = "gnu++14";
				CLANG_CXX_LIBRARY = "libc++";
				CLANG_ENABLE_MODULES = YES;
				CLANG_ENABLE_OBJC_ARC = YES;
				CLANG_ENABLE_OBJC_WEAK = YES;
				CLANG_WARN_BLOCK_CAPTURE_AUTORELEASING = YES;
				CLANG_WARN_BOOL_CONVERSION = YES;
				CLANG_WARN_COMMA = YES;
				CLANG_WARN_CONSTANT_CONVERSION = YES;
				CLANG_WARN_DEPRECATED_OBJC_IMPLEMENTATIONS = YES;
				CLANG_WARN_DIRECT_OBJC_ISA_USAGE = YES_ERROR;
				CLANG_WARN_DOCUMENTATION_COMMENTS = YES;
				CLANG_WARN_EMPTY_BODY = YES;
				CLANG_WARN_ENUM_CONVERSION = YES;
				CLANG_WARN_INFINITE_RECURSION = YES;
				CLANG_WARN_INT_CONVERSION = YES;
				CLANG_WARN_NON_LITERAL_NULL_CONVERSION = YES;
				CLANG_WARN_OBJC_IMPLICIT_RETAIN_SELF = YES;
				CLANG_WARN_OBJC_LITERAL_CONVERSION = YES;
				CLANG_WARN_OBJC_ROOT_CLASS = YES_ERROR;
				CLANG_WARN_RANGE_LOOP_ANALYSIS = YES;
				CLANG_WARN_STRICT_PROTOTYPES = YES;
				CLANG_WARN_SUSPICIOUS_MOVE = YES;
				CLANG_WARN_UNGUARDED_AVAILABILITY = YES_AGGRESSIVE;
				CLANG_WARN_UNREACHABLE_CODE = YES;
				CLANG_WARN__DUPLICATE_METHOD_MATCH = YES;
				CODE_SIGN_IDENTITY = "iPhone Developer";
				COPY_PHASE_STRIP = NO;
				DEBUG_INFORMATION_FORMAT = "dwarf-with-dsym";
				ENABLE_NS_ASSERTIONS = NO;
				ENABLE_STRICT_OBJC_MSGSEND = YES;
				GCC_C_LANGUAGE_STANDARD = gnu11;
				GCC_NO_COMMON_BLOCKS = YES;
				GCC_WARN_64_TO_32_BIT_CONVERSION = YES;
				GCC_WARN_ABOUT_RETURN_TYPE = YES_ERROR;
				GCC_WARN_UNDECLARED_SELECTOR = YES;
				GCC_WARN_UNINITIALIZED_AUTOS = YES_AGGRESSIVE;
				GCC_WARN_UNUSED_FUNCTION = YES;
				GCC_WARN_UNUSED_VARIABLE = YES;
				IPHONEOS_DEPLOYMENT_TARGET = 11.4;
				MTL_ENABLE_DEBUG_INFO = NO;
				SDKROOT = iphoneos;
				SWIFT_COMPILATION_MODE = wholemodule;
				SWIFT_OPTIMIZATION_LEVEL = "-O";
				VALIDATE_PRODUCT = YES;
			};
			name = Release;
		};
		D0E70A25214E1FEC00925587 /* Debug */ = {
			isa = XCBuildConfiguration;
			buildSettings = {
				ASSETCATALOG_COMPILER_APPICON_NAME = AppIcon;
				CODE_SIGN_STYLE = Automatic;
				DEVELOPMENT_TEAM = Y3JS8H9524;
				INFOPLIST_FILE = StarWarsEnciclopedia/Info.plist;
				LD_RUNPATH_SEARCH_PATHS = (
					"$(inherited)",
					"@executable_path/Frameworks",
				);
				PRODUCT_BUNDLE_IDENTIFIER = com.amandademetrio.StarWarsEnciclopedia;
				PRODUCT_NAME = "$(TARGET_NAME)";
				SWIFT_VERSION = 4.0;
				TARGETED_DEVICE_FAMILY = "1,2";
			};
			name = Debug;
		};
		D0E70A26214E1FEC00925587 /* Release */ = {
			isa = XCBuildConfiguration;
			buildSettings = {
				ASSETCATALOG_COMPILER_APPICON_NAME = AppIcon;
				CODE_SIGN_STYLE = Automatic;
				DEVELOPMENT_TEAM = Y3JS8H9524;
				INFOPLIST_FILE = StarWarsEnciclopedia/Info.plist;
				LD_RUNPATH_SEARCH_PATHS = (
					"$(inherited)",
					"@executable_path/Frameworks",
				);
				PRODUCT_BUNDLE_IDENTIFIER = com.amandademetrio.StarWarsEnciclopedia;
				PRODUCT_NAME = "$(TARGET_NAME)";
				SWIFT_VERSION = 4.0;
				TARGETED_DEVICE_FAMILY = "1,2";
			};
			name = Release;
		};
/* End XCBuildConfiguration section */

/* Begin XCConfigurationList section */
		D0E70A0A214E1FEB00925587 /* Build configuration list for PBXProject "StarWarsEnciclopedia" */ = {
			isa = XCConfigurationList;
			buildConfigurations = (
				D0E70A22214E1FEC00925587 /* Debug */,
				D0E70A23214E1FEC00925587 /* Release */,
			);
			defaultConfigurationIsVisible = 0;
			defaultConfigurationName = Release;
		};
		D0E70A24214E1FEC00925587 /* Build configuration list for PBXNativeTarget "StarWarsEnciclopedia" */ = {
			isa = XCConfigurationList;
			buildConfigurations = (
				D0E70A25214E1FEC00925587 /* Debug */,
				D0E70A26214E1FEC00925587 /* Release */,
			);
			defaultConfigurationIsVisible = 0;
			defaultConfigurationName = Release;
		};
/* End XCConfigurationList section */

/* Begin XCVersionGroup section */
		D0E70A19214E1FEB00925587 /* StarWarsEnciclopedia.xcdatamodeld */ = {
			isa = XCVersionGroup;
			children = (
				D0E70A1A214E1FEB00925587 /* StarWarsEnciclopedia.xcdatamodel */,
			);
			currentVersion = D0E70A1A214E1FEB00925587 /* StarWarsEnciclopedia.xcdatamodel */;
			path = StarWarsEnciclopedia.xcdatamodeld;
			sourceTree = "<group>";
			versionGroupType = wrapper.xcdatamodel;
		};
/* End XCVersionGroup section */
	};
	rootObject = D0E70A07214E1FEB00925587 /* Project object */;
}
